// !$*UTF8*$!
{
	archiveVersion = 1;
	classes = {
	};
	objectVersion = 46;
	objects = {

/* Begin PBXBuildFile section */
		C3CAEA3D1CFF590D00CD6B27 /* DKClient.m in Sources */ = {isa = PBXBuildFile; fileRef = C3CAEA3C1CFF590D00CD6B27 /* DKClient.m */; };
		C3CAEA401CFF592300CD6B27 /* DKRequestManager.m in Sources */ = {isa = PBXBuildFile; fileRef = C3CAEA3F1CFF592300CD6B27 /* DKRequestManager.m */; };
/* End PBXBuildFile section */

/* Begin PBXCopyFilesBuildPhase section */
		C3CAEA2D1CFF58A500CD6B27 /* CopyFiles */ = {
			isa = PBXCopyFilesBuildPhase;
			buildActionMask = 2147483647;
			dstPath = "include/$(PRODUCT_NAME)";
			dstSubfolderSpec = 16;
			files = (
			);
			runOnlyForDeploymentPostprocessing = 0;
		};
/* End PBXCopyFilesBuildPhase section */

/* Begin PBXFileReference section */
		C33211CB1D0F1526004DB0C4 /* STHTTPRequest */ = {isa = PBXFileReference; lastKnownFileType = folder; name = STHTTPRequest; path = External/STHTTPRequest; sourceTree = "<group>"; };
		C3CAEA2F1CFF58A500CD6B27 /* libDirectusSDK-0.0.1-pre-alpha.a */ = {isa = PBXFileReference; explicitFileType = archive.ar; includeInIndex = 0; path = "libDirectusSDK-0.0.1-pre-alpha.a"; sourceTree = BUILT_PRODUCTS_DIR; };
		C3CAEA3B1CFF590D00CD6B27 /* DKClient.h */ = {isa = PBXFileReference; fileEncoding = 4; lastKnownFileType = sourcecode.c.h; name = DKClient.h; path = Source/DKClient.h; sourceTree = SOURCE_ROOT; };
		C3CAEA3C1CFF590D00CD6B27 /* DKClient.m */ = {isa = PBXFileReference; fileEncoding = 4; lastKnownFileType = sourcecode.c.objc; name = DKClient.m; path = Source/DKClient.m; sourceTree = SOURCE_ROOT; };
		C3CAEA3E1CFF592300CD6B27 /* DKRequestManager.h */ = {isa = PBXFileReference; fileEncoding = 4; lastKnownFileType = sourcecode.c.h; name = DKRequestManager.h; path = Source/DKRequestManager.h; sourceTree = SOURCE_ROOT; };
		C3CAEA3F1CFF592300CD6B27 /* DKRequestManager.m */ = {isa = PBXFileReference; fileEncoding = 4; lastKnownFileType = sourcecode.c.objc; name = DKRequestManager.m; path = Source/DKRequestManager.m; sourceTree = SOURCE_ROOT; };
/* End PBXFileReference section */

/* Begin PBXFrameworksBuildPhase section */
		C3CAEA2C1CFF58A500CD6B27 /* Frameworks */ = {
			isa = PBXFrameworksBuildPhase;
			buildActionMask = 2147483647;
			files = (
			);
			runOnlyForDeploymentPostprocessing = 0;
		};
/* End PBXFrameworksBuildPhase section */

/* Begin PBXGroup section */
		C33211CA1D0F1513004DB0C4 /* External */ = {
			isa = PBXGroup;
			children = (
				C33211CB1D0F1526004DB0C4 /* STHTTPRequest */,
			);
			name = External;
			sourceTree = "<group>";
		};
		C3CAEA261CFF58A500CD6B27 = {
			isa = PBXGroup;
			children = (
				C3CAEA311CFF58A500CD6B27 /* Source */,
				C3CAEA301CFF58A500CD6B27 /* Products */,
				C33211CA1D0F1513004DB0C4 /* External */,
				E89CB23154414E39CE11FA59 /* Frameworks */,
			);
			sourceTree = "<group>";
		};
		C3CAEA301CFF58A500CD6B27 /* Products */ = {
			isa = PBXGroup;
			children = (
				C3CAEA2F1CFF58A500CD6B27 /* libDirectusSDK-0.0.1-pre-alpha.a */,
			);
			name = Products;
			sourceTree = "<group>";
		};
		C3CAEA311CFF58A500CD6B27 /* Source */ = {
			isa = PBXGroup;
			children = (
				C3CAEA3B1CFF590D00CD6B27 /* DKClient.h */,
				C3CAEA3C1CFF590D00CD6B27 /* DKClient.m */,
				C3CAEA3E1CFF592300CD6B27 /* DKRequestManager.h */,
				C3CAEA3F1CFF592300CD6B27 /* DKRequestManager.m */,
			);
			name = Source;
			path = DirectusSDK;
			sourceTree = "<group>";
		};
		E89CB23154414E39CE11FA59 /* Frameworks */ = {
			isa = PBXGroup;
			children = (
			);
			name = Frameworks;
			sourceTree = "<group>";
		};
/* End PBXGroup section */

/* Begin PBXNativeTarget section */
		C3CAEA2E1CFF58A500CD6B27 /* DirectusSDK */ = {
			isa = PBXNativeTarget;
			buildConfigurationList = C3CAEA381CFF58A500CD6B27 /* Build configuration list for PBXNativeTarget "DirectusSDK" */;
			buildPhases = (
				C3CAEA2B1CFF58A500CD6B27 /* Sources */,
				C3CAEA2C1CFF58A500CD6B27 /* Frameworks */,
				C3CAEA2D1CFF58A500CD6B27 /* CopyFiles */,
			);
			buildRules = (
			);
			dependencies = (
			);
			name = DirectusSDK;
			productName = DirectusSDK;
			productReference = C3CAEA2F1CFF58A500CD6B27 /* libDirectusSDK-0.0.1-pre-alpha.a */;
			productType = "com.apple.product-type.library.static";
		};
/* End PBXNativeTarget section */

/* Begin PBXProject section */
		C3CAEA271CFF58A500CD6B27 /* Project object */ = {
			isa = PBXProject;
			attributes = {
				LastUpgradeCheck = 0730;
				ORGANIZATIONNAME = RANGER;
				TargetAttributes = {
					C3CAEA2E1CFF58A500CD6B27 = {
						CreatedOnToolsVersion = 7.3.1;
					};
				};
			};
			buildConfigurationList = C3CAEA2A1CFF58A500CD6B27 /* Build configuration list for PBXProject "DirectusSDK" */;
			compatibilityVersion = "Xcode 3.2";
			developmentRegion = English;
			hasScannedForEncodings = 0;
			knownRegions = (
				en,
				Base,
			);
			mainGroup = C3CAEA261CFF58A500CD6B27;
			productRefGroup = C3CAEA301CFF58A500CD6B27 /* Products */;
			projectDirPath = "";
			projectRoot = "";
			targets = (
				C3CAEA2E1CFF58A500CD6B27 /* DirectusSDK */,
			);
		};
/* End PBXProject section */

/* Begin PBXSourcesBuildPhase section */
		C3CAEA2B1CFF58A500CD6B27 /* Sources */ = {
			isa = PBXSourcesBuildPhase;
			buildActionMask = 2147483647;
			files = (
				C3CAEA401CFF592300CD6B27 /* DKRequestManager.m in Sources */,
				C3CAEA3D1CFF590D00CD6B27 /* DKClient.m in Sources */,
			);
			runOnlyForDeploymentPostprocessing = 0;
		};
/* End PBXSourcesBuildPhase section */

/* Begin XCBuildConfiguration section */
		C3CAEA361CFF58A500CD6B27 /* Debug */ = {
			isa = XCBuildConfiguration;
			buildSettings = {
				ALWAYS_SEARCH_USER_PATHS = NO;
				CLANG_ANALYZER_NONNULL = YES;
				CLANG_CXX_LANGUAGE_STANDARD = "gnu++0x";
				CLANG_CXX_LIBRARY = "libc++";
				CLANG_ENABLE_MODULES = YES;
				CLANG_ENABLE_OBJC_ARC = YES;
				CLANG_WARN_BOOL_CONVERSION = YES;
				CLANG_WARN_CONSTANT_CONVERSION = YES;
				CLANG_WARN_DIRECT_OBJC_ISA_USAGE = YES_ERROR;
				CLANG_WARN_EMPTY_BODY = YES;
				CLANG_WARN_ENUM_CONVERSION = YES;
				CLANG_WARN_INT_CONVERSION = YES;
				CLANG_WARN_OBJC_ROOT_CLASS = YES_ERROR;
				CLANG_WARN_UNREACHABLE_CODE = YES;
				CLANG_WARN__DUPLICATE_METHOD_MATCH = YES;
				"CODE_SIGN_IDENTITY[sdk=iphoneos*]" = "iPhone Developer";
				COPY_PHASE_STRIP = NO;
				DEBUG_INFORMATION_FORMAT = dwarf;
				ENABLE_STRICT_OBJC_MSGSEND = YES;
				ENABLE_TESTABILITY = YES;
				GCC_C_LANGUAGE_STANDARD = gnu99;
				GCC_DYNAMIC_NO_PIC = NO;
				GCC_NO_COMMON_BLOCKS = YES;
				GCC_OPTIMIZATION_LEVEL = 0;
				GCC_PREPROCESSOR_DEFINITIONS = (
					"DEBUG=1",
					"$(inherited)",
				);
				GCC_WARN_64_TO_32_BIT_CONVERSION = YES;
				GCC_WARN_ABOUT_RETURN_TYPE = YES_ERROR;
				GCC_WARN_UNDECLARED_SELECTOR = YES;
				GCC_WARN_UNINITIALIZED_AUTOS = YES_AGGRESSIVE;
				GCC_WARN_UNUSED_FUNCTION = YES;
				GCC_WARN_UNUSED_VARIABLE = YES;
				IPHONEOS_DEPLOYMENT_TARGET = 8.2;
				MTL_ENABLE_DEBUG_INFO = YES;
				ONLY_ACTIVE_ARCH = YES;
				SDKROOT = iphoneos;
			};
			name = Debug;
		};
		C3CAEA371CFF58A500CD6B27 /* Release */ = {
			isa = XCBuildConfiguration;
			buildSettings = {
				ALWAYS_SEARCH_USER_PATHS = NO;
				CLANG_ANALYZER_NONNULL = YES;
				CLANG_CXX_LANGUAGE_STANDARD = "gnu++0x";
				CLANG_CXX_LIBRARY = "libc++";
				CLANG_ENABLE_MODULES = YES;
				CLANG_ENABLE_OBJC_ARC = YES;
				CLANG_WARN_BOOL_CONVERSION = YES;
				CLANG_WARN_CONSTANT_CONVERSION = YES;
				CLANG_WARN_DIRECT_OBJC_ISA_USAGE = YES_ERROR;
				CLANG_WARN_EMPTY_BODY = YES;
				CLANG_WARN_ENUM_CONVERSION = YES;
				CLANG_WARN_INT_CONVERSION = YES;
				CLANG_WARN_OBJC_ROOT_CLASS = YES_ERROR;
				CLANG_WARN_UNREACHABLE_CODE = YES;
				CLANG_WARN__DUPLICATE_METHOD_MATCH = YES;
				"CODE_SIGN_IDENTITY[sdk=iphoneos*]" = "iPhone Developer";
				COPY_PHASE_STRIP = NO;
				DEBUG_INFORMATION_FORMAT = "dwarf-with-dsym";
				ENABLE_NS_ASSERTIONS = NO;
				ENABLE_STRICT_OBJC_MSGSEND = YES;
				GCC_C_LANGUAGE_STANDARD = gnu99;
				GCC_NO_COMMON_BLOCKS = YES;
				GCC_WARN_64_TO_32_BIT_CONVERSION = YES;
				GCC_WARN_ABOUT_RETURN_TYPE = YES_ERROR;
				GCC_WARN_UNDECLARED_SELECTOR = YES;
				GCC_WARN_UNINITIALIZED_AUTOS = YES_AGGRESSIVE;
				GCC_WARN_UNUSED_FUNCTION = YES;
				GCC_WARN_UNUSED_VARIABLE = YES;
				IPHONEOS_DEPLOYMENT_TARGET = 8.2;
				MTL_ENABLE_DEBUG_INFO = NO;
				SDKROOT = iphoneos;
				VALIDATE_PRODUCT = YES;
			};
			name = Release;
		};
		C3CAEA391CFF58A500CD6B27 /* Debug */ = {
			isa = XCBuildConfiguration;
			buildSettings = {
				DYLIB_CURRENT_VERSION = "0.0.1-pre-alpha";
				OTHER_LDFLAGS = "-ObjC";
				PRODUCT_NAME = "$(TARGET_NAME)-${DYLIB_CURRENT_VERSION}";
				SKIP_INSTALL = YES;
				USER_HEADER_SEARCH_PATHS = "$(SRCROOT)/External";
			};
			name = Debug;
		};
		C3CAEA3A1CFF58A500CD6B27 /* Release */ = {
			isa = XCBuildConfiguration;
			buildSettings = {
				DYLIB_CURRENT_VERSION = "0.0.1-pre-alpha";
				OTHER_LDFLAGS = "-ObjC";
				PRODUCT_NAME = "$(TARGET_NAME)-${DYLIB_CURRENT_VERSION}";
				SKIP_INSTALL = YES;
				USER_HEADER_SEARCH_PATHS = "$(SRCROOT)/External";
			};
			name = Release;
		};
/* End XCBuildConfiguration section */

/* Begin XCConfigurationList section */
		C3CAEA2A1CFF58A500CD6B27 /* Build configuration list for PBXProject "DirectusSDK" */ = {
			isa = XCConfigurationList;
			buildConfigurations = (
				C3CAEA361CFF58A500CD6B27 /* Debug */,
				C3CAEA371CFF58A500CD6B27 /* Release */,
			);
			defaultConfigurationIsVisible = 0;
			defaultConfigurationName = Release;
		};
		C3CAEA381CFF58A500CD6B27 /* Build configuration list for PBXNativeTarget "DirectusSDK" */ = {
			isa = XCConfigurationList;
			buildConfigurations = (
				C3CAEA391CFF58A500CD6B27 /* Debug */,
				C3CAEA3A1CFF58A500CD6B27 /* Release */,
			);
			defaultConfigurationIsVisible = 0;
			defaultConfigurationName = Release;
		};
/* End XCConfigurationList section */
	};
	rootObject = C3CAEA271CFF58A500CD6B27 /* Project object */;
}
